
Microsoft Visual Studio Solution File, Format Version 12.00
# Visual Studio Version 17
VisualStudioVersion = 17.10.35004.147
MinimumVisualStudioVersion = 10.0.40219.1
Project("{FAE04EC0-301F-11D3-BF4B-00C04F79EFBC}") = "PRA", "PRA\PRA.csproj", "{21994126-B0B3-45C5-B202-E4B662ADE231}"
EndProject
Global
	GlobalSection(SolutionConfigurationPlatforms) = preSolution
		Debug|Any CPU = Debug|Any CPU
		Debug|x64 = Debug|x64
		Release|Any CPU = Release|Any CPU
		Release|x64 = Release|x64
	EndGlobalSection
	GlobalSection(ProjectConfigurationPlatforms) = postSolution
		{21994126-B0B3-45C5-B202-E4B662ADE231}.Debug|Any CPU.ActiveCfg = Release|Any CPU
		{21994126-B0B3-45C5-B202-E4B662ADE231}.Debug|Any CPU.Build.0 = Release|Any CPU
		{21994126-B0B3-45C5-B202-E4B662ADE231}.Debug|x64.ActiveCfg = Debug|x64
		{21994126-B0B3-45C5-B202-E4B662ADE231}.Debug|x64.Build.0 = Debug|x64
		{21994126-B0B3-45C5-B202-E4B662ADE231}.Release|Any CPU.ActiveCfg = Release|Any CPU
		{21994126-B0B3-45C5-B202-E4B662ADE231}.Release|Any CPU.Build.0 = Release|Any CPU
		{21994126-B0B3-45C5-B202-E4B662ADE231}.Release|x64.ActiveCfg = Release|x64
		{21994126-B0B3-45C5-B202-E4B662ADE231}.Release|x64.Build.0 = Release|x64
	EndGlobalSection
	GlobalSection(SolutionProperties) = preSolution
		HideSolutionNode = FALSE
	EndGlobalSection
	GlobalSection(ExtensibilityGlobals) = postSolution
		SolutionGuid = {8580142D-A63E-40E5-AF1E-6778E276673B}
	EndGlobalSection
EndGlobal
